// !$*UTF8*$!
{
	archiveVersion = 1;
	classes = {
	};
	objectVersion = 50;
	objects = {

/* Begin PBXBuildFile section */
		1E487F6C23E67F0A00F01C25 /* AppDelegate.swift in Sources */ = {isa = PBXBuildFile; fileRef = 1E487F6B23E67F0900F01C25 /* AppDelegate.swift */; };
		1E487F6E23E67F0A00F01C25 /* SceneDelegate.swift in Sources */ = {isa = PBXBuildFile; fileRef = 1E487F6D23E67F0A00F01C25 /* SceneDelegate.swift */; };
		1E487F7023E67F0A00F01C25 /* ContentView.swift in Sources */ = {isa = PBXBuildFile; fileRef = 1E487F6F23E67F0A00F01C25 /* ContentView.swift */; };
		1E487F7223E67F0B00F01C25 /* Assets.xcassets in Resources */ = {isa = PBXBuildFile; fileRef = 1E487F7123E67F0B00F01C25 /* Assets.xcassets */; };
		1E487F7523E67F0B00F01C25 /* Preview Assets.xcassets in Resources */ = {isa = PBXBuildFile; fileRef = 1E487F7423E67F0B00F01C25 /* Preview Assets.xcassets */; };
		1E487F7823E67F0B00F01C25 /* LaunchScreen.storyboard in Resources */ = {isa = PBXBuildFile; fileRef = 1E487F7623E67F0B00F01C25 /* LaunchScreen.storyboard */; };
		1E487F8323E67F0B00F01C25 /* DemonfortTests.swift in Sources */ = {isa = PBXBuildFile; fileRef = 1E487F8223E67F0B00F01C25 /* DemonfortTests.swift */; };
		1E487F8E23E67F0B00F01C25 /* DemonfortUITests.swift in Sources */ = {isa = PBXBuildFile; fileRef = 1E487F8D23E67F0B00F01C25 /* DemonfortUITests.swift */; };
		1E7AA12F241AF666006CA1BC /* AccountImageView.swift in Sources */ = {isa = PBXBuildFile; fileRef = 1E7AA12E241AF665006CA1BC /* AccountImageView.swift */; };
		1E7AA131241AF681006CA1BC /* ProfileView.swift in Sources */ = {isa = PBXBuildFile; fileRef = 1E7AA130241AF681006CA1BC /* ProfileView.swift */; };
		1E7AA133241AF6E7006CA1BC /* AccountView.swift in Sources */ = {isa = PBXBuildFile; fileRef = 1E7AA132241AF6E7006CA1BC /* AccountView.swift */; };
		1E7AA137241B2986006CA1BC /* GoogleService-Info.plist in Resources */ = {isa = PBXBuildFile; fileRef = 1E7AA136241B2986006CA1BC /* GoogleService-Info.plist */; };
		1EAB04B023F32AE40031B9EE /* HeaderView.swift in Sources */ = {isa = PBXBuildFile; fileRef = 1EAB04AF23F32AE40031B9EE /* HeaderView.swift */; };
		1EB6003523E688CC00AB9CD1 /* NewWorksheetView.swift in Sources */ = {isa = PBXBuildFile; fileRef = 1EB6003423E688CC00AB9CD1 /* NewWorksheetView.swift */; };
		3F2A4E471050690587525D68 /* Pods_Demonfort_DemonfortUITests.framework in Frameworks */ = {isa = PBXBuildFile; fileRef = 38BF5F2368D6DAECC7E18BAA /* Pods_Demonfort_DemonfortUITests.framework */; };
		AAE9C0F080EBB8B319094D98 /* Pods_DemonfortTests.framework in Frameworks */ = {isa = PBXBuildFile; fileRef = 7F778E20F180C305230EFB5E /* Pods_DemonfortTests.framework */; };
		BAFD09DAC21D46BFB4A7B347 /* Pods_Demonfort.framework in Frameworks */ = {isa = PBXBuildFile; fileRef = 0D11172985A9B058B3E5C9A0 /* Pods_Demonfort.framework */; };
/* End PBXBuildFile section */

/* Begin PBXContainerItemProxy section */
		1E487F7F23E67F0B00F01C25 /* PBXContainerItemProxy */ = {
			isa = PBXContainerItemProxy;
			containerPortal = 1E487F6023E67F0900F01C25 /* Project object */;
			proxyType = 1;
			remoteGlobalIDString = 1E487F6723E67F0900F01C25;
			remoteInfo = Demonfort;
		};
		1E487F8A23E67F0B00F01C25 /* PBXContainerItemProxy */ = {
			isa = PBXContainerItemProxy;
			containerPortal = 1E487F6023E67F0900F01C25 /* Project object */;
			proxyType = 1;
			remoteGlobalIDString = 1E487F6723E67F0900F01C25;
			remoteInfo = Demonfort;
		};
/* End PBXContainerItemProxy section */

/* Begin PBXFileReference section */
		0D11172985A9B058B3E5C9A0 /* Pods_Demonfort.framework */ = {isa = PBXFileReference; explicitFileType = wrapper.framework; includeInIndex = 0; path = Pods_Demonfort.framework; sourceTree = BUILT_PRODUCTS_DIR; };
		1DCE5F98BE9BB08487722C29 /* Pods-Demonfort.release.xcconfig */ = {isa = PBXFileReference; includeInIndex = 1; lastKnownFileType = text.xcconfig; name = "Pods-Demonfort.release.xcconfig"; path = "Target Support Files/Pods-Demonfort/Pods-Demonfort.release.xcconfig"; sourceTree = "<group>"; };
		1E487F6823E67F0900F01C25 /* Demonfort.app */ = {isa = PBXFileReference; explicitFileType = wrapper.application; includeInIndex = 0; path = Demonfort.app; sourceTree = BUILT_PRODUCTS_DIR; };
		1E487F6B23E67F0900F01C25 /* AppDelegate.swift */ = {isa = PBXFileReference; lastKnownFileType = sourcecode.swift; path = AppDelegate.swift; sourceTree = "<group>"; };
		1E487F6D23E67F0A00F01C25 /* SceneDelegate.swift */ = {isa = PBXFileReference; lastKnownFileType = sourcecode.swift; path = SceneDelegate.swift; sourceTree = "<group>"; };
		1E487F6F23E67F0A00F01C25 /* ContentView.swift */ = {isa = PBXFileReference; lastKnownFileType = sourcecode.swift; path = ContentView.swift; sourceTree = "<group>"; };
		1E487F7123E67F0B00F01C25 /* Assets.xcassets */ = {isa = PBXFileReference; lastKnownFileType = folder.assetcatalog; path = Assets.xcassets; sourceTree = "<group>"; };
		1E487F7423E67F0B00F01C25 /* Preview Assets.xcassets */ = {isa = PBXFileReference; lastKnownFileType = folder.assetcatalog; path = "Preview Assets.xcassets"; sourceTree = "<group>"; };
		1E487F7723E67F0B00F01C25 /* Base */ = {isa = PBXFileReference; lastKnownFileType = file.storyboard; name = Base; path = Base.lproj/LaunchScreen.storyboard; sourceTree = "<group>"; };
		1E487F7923E67F0B00F01C25 /* Info.plist */ = {isa = PBXFileReference; lastKnownFileType = text.plist.xml; path = Info.plist; sourceTree = "<group>"; };
		1E487F7E23E67F0B00F01C25 /* DemonfortTests.xctest */ = {isa = PBXFileReference; explicitFileType = wrapper.cfbundle; includeInIndex = 0; path = DemonfortTests.xctest; sourceTree = BUILT_PRODUCTS_DIR; };
		1E487F8223E67F0B00F01C25 /* DemonfortTests.swift */ = {isa = PBXFileReference; lastKnownFileType = sourcecode.swift; path = DemonfortTests.swift; sourceTree = "<group>"; };
		1E487F8423E67F0B00F01C25 /* Info.plist */ = {isa = PBXFileReference; lastKnownFileType = text.plist.xml; path = Info.plist; sourceTree = "<group>"; };
		1E487F8923E67F0B00F01C25 /* DemonfortUITests.xctest */ = {isa = PBXFileReference; explicitFileType = wrapper.cfbundle; includeInIndex = 0; path = DemonfortUITests.xctest; sourceTree = BUILT_PRODUCTS_DIR; };
		1E487F8D23E67F0B00F01C25 /* DemonfortUITests.swift */ = {isa = PBXFileReference; lastKnownFileType = sourcecode.swift; path = DemonfortUITests.swift; sourceTree = "<group>"; };
		1E487F8F23E67F0B00F01C25 /* Info.plist */ = {isa = PBXFileReference; lastKnownFileType = text.plist.xml; path = Info.plist; sourceTree = "<group>"; };
		1E7AA12E241AF665006CA1BC /* AccountImageView.swift */ = {isa = PBXFileReference; lastKnownFileType = sourcecode.swift; path = AccountImageView.swift; sourceTree = "<group>"; };
		1E7AA130241AF681006CA1BC /* ProfileView.swift */ = {isa = PBXFileReference; lastKnownFileType = sourcecode.swift; path = ProfileView.swift; sourceTree = "<group>"; };
		1E7AA132241AF6E7006CA1BC /* AccountView.swift */ = {isa = PBXFileReference; lastKnownFileType = sourcecode.swift; path = AccountView.swift; sourceTree = "<group>"; };
		1E7AA136241B2986006CA1BC /* GoogleService-Info.plist */ = {isa = PBXFileReference; fileEncoding = 4; lastKnownFileType = text.plist.xml; path = "GoogleService-Info.plist"; sourceTree = "<group>"; };
		1EAB04AF23F32AE40031B9EE /* HeaderView.swift */ = {isa = PBXFileReference; lastKnownFileType = sourcecode.swift; path = HeaderView.swift; sourceTree = "<group>"; };
		1EB6003423E688CC00AB9CD1 /* NewWorksheetView.swift */ = {isa = PBXFileReference; lastKnownFileType = sourcecode.swift; path = NewWorksheetView.swift; sourceTree = "<group>"; };
		382E6F82E8A2865B333891B5 /* Pods-Demonfort-DemonfortUITests.release.xcconfig */ = {isa = PBXFileReference; includeInIndex = 1; lastKnownFileType = text.xcconfig; name = "Pods-Demonfort-DemonfortUITests.release.xcconfig"; path = "Target Support Files/Pods-Demonfort-DemonfortUITests/Pods-Demonfort-DemonfortUITests.release.xcconfig"; sourceTree = "<group>"; };
		38BF5F2368D6DAECC7E18BAA /* Pods_Demonfort_DemonfortUITests.framework */ = {isa = PBXFileReference; explicitFileType = wrapper.framework; includeInIndex = 0; path = Pods_Demonfort_DemonfortUITests.framework; sourceTree = BUILT_PRODUCTS_DIR; };
		4D1EDCB840A6BA5F922ED131 /* Pods-Demonfort-DemonfortUITests.debug.xcconfig */ = {isa = PBXFileReference; includeInIndex = 1; lastKnownFileType = text.xcconfig; name = "Pods-Demonfort-DemonfortUITests.debug.xcconfig"; path = "Target Support Files/Pods-Demonfort-DemonfortUITests/Pods-Demonfort-DemonfortUITests.debug.xcconfig"; sourceTree = "<group>"; };
		72891450E7141FA844BF3B16 /* Pods-Demonfort.debug.xcconfig */ = {isa = PBXFileReference; includeInIndex = 1; lastKnownFileType = text.xcconfig; name = "Pods-Demonfort.debug.xcconfig"; path = "Target Support Files/Pods-Demonfort/Pods-Demonfort.debug.xcconfig"; sourceTree = "<group>"; };
		7F778E20F180C305230EFB5E /* Pods_DemonfortTests.framework */ = {isa = PBXFileReference; explicitFileType = wrapper.framework; includeInIndex = 0; path = Pods_DemonfortTests.framework; sourceTree = BUILT_PRODUCTS_DIR; };
		CC4F5184B0E17DC3C3E4F0B0 /* Pods-DemonfortTests.debug.xcconfig */ = {isa = PBXFileReference; includeInIndex = 1; lastKnownFileType = text.xcconfig; name = "Pods-DemonfortTests.debug.xcconfig"; path = "Target Support Files/Pods-DemonfortTests/Pods-DemonfortTests.debug.xcconfig"; sourceTree = "<group>"; };
		EB529C73EF1269DFB86A3CA8 /* Pods-DemonfortTests.release.xcconfig */ = {isa = PBXFileReference; includeInIndex = 1; lastKnownFileType = text.xcconfig; name = "Pods-DemonfortTests.release.xcconfig"; path = "Target Support Files/Pods-DemonfortTests/Pods-DemonfortTests.release.xcconfig"; sourceTree = "<group>"; };
/* End PBXFileReference section */

/* Begin PBXFrameworksBuildPhase section */
		1E487F6523E67F0900F01C25 /* Frameworks */ = {
			isa = PBXFrameworksBuildPhase;
			buildActionMask = 2147483647;
			files = (
				BAFD09DAC21D46BFB4A7B347 /* Pods_Demonfort.framework in Frameworks */,
			);
			runOnlyForDeploymentPostprocessing = 0;
		};
		1E487F7B23E67F0B00F01C25 /* Frameworks */ = {
			isa = PBXFrameworksBuildPhase;
			buildActionMask = 2147483647;
			files = (
				AAE9C0F080EBB8B319094D98 /* Pods_DemonfortTests.framework in Frameworks */,
			);
			runOnlyForDeploymentPostprocessing = 0;
		};
		1E487F8623E67F0B00F01C25 /* Frameworks */ = {
			isa = PBXFrameworksBuildPhase;
			buildActionMask = 2147483647;
			files = (
				3F2A4E471050690587525D68 /* Pods_Demonfort_DemonfortUITests.framework in Frameworks */,
			);
			runOnlyForDeploymentPostprocessing = 0;
		};
/* End PBXFrameworksBuildPhase section */

/* Begin PBXGroup section */
		011701E096B025846A1A069A /* Pods */ = {
			isa = PBXGroup;
			children = (
				72891450E7141FA844BF3B16 /* Pods-Demonfort.debug.xcconfig */,
				1DCE5F98BE9BB08487722C29 /* Pods-Demonfort.release.xcconfig */,
				4D1EDCB840A6BA5F922ED131 /* Pods-Demonfort-DemonfortUITests.debug.xcconfig */,
				382E6F82E8A2865B333891B5 /* Pods-Demonfort-DemonfortUITests.release.xcconfig */,
				CC4F5184B0E17DC3C3E4F0B0 /* Pods-DemonfortTests.debug.xcconfig */,
				EB529C73EF1269DFB86A3CA8 /* Pods-DemonfortTests.release.xcconfig */,
			);
			name = Pods;
			path = Pods;
			sourceTree = "<group>";
		};
		1E487F5F23E67F0900F01C25 = {
			isa = PBXGroup;
			children = (
				1E487F6A23E67F0900F01C25 /* Demonfort */,
				1E487F8123E67F0B00F01C25 /* DemonfortTests */,
				1E487F8C23E67F0B00F01C25 /* DemonfortUITests */,
				1E487F6923E67F0900F01C25 /* Products */,
				011701E096B025846A1A069A /* Pods */,
				227B2A724AF5B791DB3BFDAF /* Frameworks */,
			);
			sourceTree = "<group>";
		};
		1E487F6923E67F0900F01C25 /* Products */ = {
			isa = PBXGroup;
			children = (
				1E487F6823E67F0900F01C25 /* Demonfort.app */,
				1E487F7E23E67F0B00F01C25 /* DemonfortTests.xctest */,
				1E487F8923E67F0B00F01C25 /* DemonfortUITests.xctest */,
			);
			name = Products;
			sourceTree = "<group>";
		};
		1E487F6A23E67F0900F01C25 /* Demonfort */ = {
			isa = PBXGroup;
			children = (
				1E487F6B23E67F0900F01C25 /* AppDelegate.swift */,
				1E487F6D23E67F0A00F01C25 /* SceneDelegate.swift */,
				1EB6003223E6884800AB9CD1 /* WorksheetViews */,
				1EB6003323E6886400AB9CD1 /* AccountViews */,
				1E487F6F23E67F0A00F01C25 /* ContentView.swift */,
				1EAB04AF23F32AE40031B9EE /* HeaderView.swift */,
				1E487F7123E67F0B00F01C25 /* Assets.xcassets */,
				1E487F7623E67F0B00F01C25 /* LaunchScreen.storyboard */,
				1E487F7923E67F0B00F01C25 /* Info.plist */,
				1E7AA136241B2986006CA1BC /* GoogleService-Info.plist */,
				1E487F7323E67F0B00F01C25 /* Preview Content */,
			);
			path = Demonfort;
			sourceTree = "<group>";
		};
		1E487F7323E67F0B00F01C25 /* Preview Content */ = {
			isa = PBXGroup;
			children = (
				1E487F7423E67F0B00F01C25 /* Preview Assets.xcassets */,
			);
			path = "Preview Content";
			sourceTree = "<group>";
		};
		1E487F8123E67F0B00F01C25 /* DemonfortTests */ = {
			isa = PBXGroup;
			children = (
				1E487F8223E67F0B00F01C25 /* DemonfortTests.swift */,
				1E487F8423E67F0B00F01C25 /* Info.plist */,
			);
			path = DemonfortTests;
			sourceTree = "<group>";
		};
		1E487F8C23E67F0B00F01C25 /* DemonfortUITests */ = {
			isa = PBXGroup;
			children = (
				1E487F8D23E67F0B00F01C25 /* DemonfortUITests.swift */,
				1E487F8F23E67F0B00F01C25 /* Info.plist */,
			);
			path = DemonfortUITests;
			sourceTree = "<group>";
		};
		1EB6003223E6884800AB9CD1 /* WorksheetViews */ = {
			isa = PBXGroup;
			children = (
				1EB6003423E688CC00AB9CD1 /* NewWorksheetView.swift */,
			);
			path = WorksheetViews;
			sourceTree = "<group>";
		};
		1EB6003323E6886400AB9CD1 /* AccountViews */ = {
			isa = PBXGroup;
			children = (
				1E7AA12E241AF665006CA1BC /* AccountImageView.swift */,
				1E7AA130241AF681006CA1BC /* ProfileView.swift */,
				1E7AA132241AF6E7006CA1BC /* AccountView.swift */,
			);
			path = AccountViews;
			sourceTree = "<group>";
		};
		227B2A724AF5B791DB3BFDAF /* Frameworks */ = {
			isa = PBXGroup;
			children = (
				0D11172985A9B058B3E5C9A0 /* Pods_Demonfort.framework */,
				38BF5F2368D6DAECC7E18BAA /* Pods_Demonfort_DemonfortUITests.framework */,
				7F778E20F180C305230EFB5E /* Pods_DemonfortTests.framework */,
			);
			name = Frameworks;
			sourceTree = "<group>";
		};
/* End PBXGroup section */

/* Begin PBXNativeTarget section */
		1E487F6723E67F0900F01C25 /* Demonfort */ = {
			isa = PBXNativeTarget;
			buildConfigurationList = 1E487F9223E67F0B00F01C25 /* Build configuration list for PBXNativeTarget "Demonfort" */;
			buildPhases = (
				103E2ED74566F4A4322E5A97 /* [CP] Check Pods Manifest.lock */,
				1E487F6423E67F0900F01C25 /* Sources */,
				1E487F6523E67F0900F01C25 /* Frameworks */,
				1E487F6623E67F0900F01C25 /* Resources */,
				3A7D215B90E9F9981DE9D290 /* [CP] Embed Pods Frameworks */,
			);
			buildRules = (
			);
			dependencies = (
			);
			name = Demonfort;
			productName = Demonfort;
			productReference = 1E487F6823E67F0900F01C25 /* Demonfort.app */;
			productType = "com.apple.product-type.application";
		};
		1E487F7D23E67F0B00F01C25 /* DemonfortTests */ = {
			isa = PBXNativeTarget;
			buildConfigurationList = 1E487F9523E67F0B00F01C25 /* Build configuration list for PBXNativeTarget "DemonfortTests" */;
			buildPhases = (
				8FBA2C431B6B52A27A50876D /* [CP] Check Pods Manifest.lock */,
				1E487F7A23E67F0B00F01C25 /* Sources */,
				1E487F7B23E67F0B00F01C25 /* Frameworks */,
				1E487F7C23E67F0B00F01C25 /* Resources */,
			);
			buildRules = (
			);
			dependencies = (
				1E487F8023E67F0B00F01C25 /* PBXTargetDependency */,
			);
			name = DemonfortTests;
			productName = DemonfortTests;
			productReference = 1E487F7E23E67F0B00F01C25 /* DemonfortTests.xctest */;
			productType = "com.apple.product-type.bundle.unit-test";
		};
		1E487F8823E67F0B00F01C25 /* DemonfortUITests */ = {
			isa = PBXNativeTarget;
			buildConfigurationList = 1E487F9823E67F0B00F01C25 /* Build configuration list for PBXNativeTarget "DemonfortUITests" */;
			buildPhases = (
				5B9391F654DB4E48E3544F76 /* [CP] Check Pods Manifest.lock */,
				1E487F8523E67F0B00F01C25 /* Sources */,
				1E487F8623E67F0B00F01C25 /* Frameworks */,
				1E487F8723E67F0B00F01C25 /* Resources */,
				3145E420B8C1F02C1C1A756C /* [CP] Embed Pods Frameworks */,
			);
			buildRules = (
			);
			dependencies = (
				1E487F8B23E67F0B00F01C25 /* PBXTargetDependency */,
			);
			name = DemonfortUITests;
			productName = DemonfortUITests;
			productReference = 1E487F8923E67F0B00F01C25 /* DemonfortUITests.xctest */;
			productType = "com.apple.product-type.bundle.ui-testing";
		};
/* End PBXNativeTarget section */

/* Begin PBXProject section */
		1E487F6023E67F0900F01C25 /* Project object */ = {
			isa = PBXProject;
			attributes = {
				LastSwiftUpdateCheck = 1130;
				LastUpgradeCheck = 1130;
				ORGANIZATIONNAME = Demonfort;
				TargetAttributes = {
					1E487F6723E67F0900F01C25 = {
						CreatedOnToolsVersion = 11.3.1;
					};
					1E487F7D23E67F0B00F01C25 = {
						CreatedOnToolsVersion = 11.3.1;
						TestTargetID = 1E487F6723E67F0900F01C25;
					};
					1E487F8823E67F0B00F01C25 = {
						CreatedOnToolsVersion = 11.3.1;
						TestTargetID = 1E487F6723E67F0900F01C25;
					};
				};
			};
			buildConfigurationList = 1E487F6323E67F0900F01C25 /* Build configuration list for PBXProject "Demonfort" */;
			compatibilityVersion = "Xcode 9.3";
			developmentRegion = en;
			hasScannedForEncodings = 0;
			knownRegions = (
				en,
				Base,
			);
			mainGroup = 1E487F5F23E67F0900F01C25;
			productRefGroup = 1E487F6923E67F0900F01C25 /* Products */;
			projectDirPath = "";
			projectRoot = "";
			targets = (
				1E487F6723E67F0900F01C25 /* Demonfort */,
				1E487F7D23E67F0B00F01C25 /* DemonfortTests */,
				1E487F8823E67F0B00F01C25 /* DemonfortUITests */,
			);
		};
/* End PBXProject section */

/* Begin PBXResourcesBuildPhase section */
		1E487F6623E67F0900F01C25 /* Resources */ = {
			isa = PBXResourcesBuildPhase;
			buildActionMask = 2147483647;
			files = (
				1E487F7823E67F0B00F01C25 /* LaunchScreen.storyboard in Resources */,
				1E7AA137241B2986006CA1BC /* GoogleService-Info.plist in Resources */,
				1E487F7523E67F0B00F01C25 /* Preview Assets.xcassets in Resources */,
				1E487F7223E67F0B00F01C25 /* Assets.xcassets in Resources */,
			);
			runOnlyForDeploymentPostprocessing = 0;
		};
		1E487F7C23E67F0B00F01C25 /* Resources */ = {
			isa = PBXResourcesBuildPhase;
			buildActionMask = 2147483647;
			files = (
			);
			runOnlyForDeploymentPostprocessing = 0;
		};
		1E487F8723E67F0B00F01C25 /* Resources */ = {
			isa = PBXResourcesBuildPhase;
			buildActionMask = 2147483647;
			files = (
			);
			runOnlyForDeploymentPostprocessing = 0;
		};
/* End PBXResourcesBuildPhase section */

/* Begin PBXShellScriptBuildPhase section */
		103E2ED74566F4A4322E5A97 /* [CP] Check Pods Manifest.lock */ = {
			isa = PBXShellScriptBuildPhase;
			buildActionMask = 2147483647;
			files = (
			);
			inputFileListPaths = (
			);
			inputPaths = (
				"${PODS_PODFILE_DIR_PATH}/Podfile.lock",
				"${PODS_ROOT}/Manifest.lock",
			);
			name = "[CP] Check Pods Manifest.lock";
			outputFileListPaths = (
			);
			outputPaths = (
				"$(DERIVED_FILE_DIR)/Pods-Demonfort-checkManifestLockResult.txt",
			);
			runOnlyForDeploymentPostprocessing = 0;
			shellPath = /bin/sh;
			shellScript = "diff \"${PODS_PODFILE_DIR_PATH}/Podfile.lock\" \"${PODS_ROOT}/Manifest.lock\" > /dev/null\nif [ $? != 0 ] ; then\n    # print error to STDERR\n    echo \"error: The sandbox is not in sync with the Podfile.lock. Run 'pod install' or update your CocoaPods installation.\" >&2\n    exit 1\nfi\n# This output is used by Xcode 'outputs' to avoid re-running this script phase.\necho \"SUCCESS\" > \"${SCRIPT_OUTPUT_FILE_0}\"\n";
			showEnvVarsInLog = 0;
		};
		3145E420B8C1F02C1C1A756C /* [CP] Embed Pods Frameworks */ = {
			isa = PBXShellScriptBuildPhase;
			buildActionMask = 2147483647;
			files = (
			);
			inputFileListPaths = (
				"${PODS_ROOT}/Target Support Files/Pods-Demonfort-DemonfortUITests/Pods-Demonfort-DemonfortUITests-frameworks-${CONFIGURATION}-input-files.xcfilelist",
			);
			name = "[CP] Embed Pods Frameworks";
			outputFileListPaths = (
				"${PODS_ROOT}/Target Support Files/Pods-Demonfort-DemonfortUITests/Pods-Demonfort-DemonfortUITests-frameworks-${CONFIGURATION}-output-files.xcfilelist",
			);
			runOnlyForDeploymentPostprocessing = 0;
			shellPath = /bin/sh;
			shellScript = "\"${PODS_ROOT}/Target Support Files/Pods-Demonfort-DemonfortUITests/Pods-Demonfort-DemonfortUITests-frameworks.sh\"\n";
			showEnvVarsInLog = 0;
		};
		3A7D215B90E9F9981DE9D290 /* [CP] Embed Pods Frameworks */ = {
			isa = PBXShellScriptBuildPhase;
			buildActionMask = 2147483647;
			files = (
			);
			inputFileListPaths = (
				"${PODS_ROOT}/Target Support Files/Pods-Demonfort/Pods-Demonfort-frameworks-${CONFIGURATION}-input-files.xcfilelist",
			);
			name = "[CP] Embed Pods Frameworks";
			outputFileListPaths = (
				"${PODS_ROOT}/Target Support Files/Pods-Demonfort/Pods-Demonfort-frameworks-${CONFIGURATION}-output-files.xcfilelist",
			);
			runOnlyForDeploymentPostprocessing = 0;
			shellPath = /bin/sh;
			shellScript = "\"${PODS_ROOT}/Target Support Files/Pods-Demonfort/Pods-Demonfort-frameworks.sh\"\n";
			showEnvVarsInLog = 0;
		};
		5B9391F654DB4E48E3544F76 /* [CP] Check Pods Manifest.lock */ = {
			isa = PBXShellScriptBuildPhase;
			buildActionMask = 2147483647;
			files = (
			);
			inputFileListPaths = (
			);
			inputPaths = (
				"${PODS_PODFILE_DIR_PATH}/Podfile.lock",
				"${PODS_ROOT}/Manifest.lock",
			);
			name = "[CP] Check Pods Manifest.lock";
			outputFileListPaths = (
			);
			outputPaths = (
				"$(DERIVED_FILE_DIR)/Pods-Demonfort-DemonfortUITests-checkManifestLockResult.txt",
			);
			runOnlyForDeploymentPostprocessing = 0;
			shellPath = /bin/sh;
			shellScript = "diff \"${PODS_PODFILE_DIR_PATH}/Podfile.lock\" \"${PODS_ROOT}/Manifest.lock\" > /dev/null\nif [ $? != 0 ] ; then\n    # print error to STDERR\n    echo \"error: The sandbox is not in sync with the Podfile.lock. Run 'pod install' or update your CocoaPods installation.\" >&2\n    exit 1\nfi\n# This output is used by Xcode 'outputs' to avoid re-running this script phase.\necho \"SUCCESS\" > \"${SCRIPT_OUTPUT_FILE_0}\"\n";
			showEnvVarsInLog = 0;
		};
		8FBA2C431B6B52A27A50876D /* [CP] Check Pods Manifest.lock */ = {
			isa = PBXShellScriptBuildPhase;
			buildActionMask = 2147483647;
			files = (
			);
			inputFileListPaths = (
			);
			inputPaths = (
				"${PODS_PODFILE_DIR_PATH}/Podfile.lock",
				"${PODS_ROOT}/Manifest.lock",
			);
			name = "[CP] Check Pods Manifest.lock";
			outputFileListPaths = (
			);
			outputPaths = (
				"$(DERIVED_FILE_DIR)/Pods-DemonfortTests-checkManifestLockResult.txt",
			);
			runOnlyForDeploymentPostprocessing = 0;
			shellPath = /bin/sh;
			shellScript = "diff \"${PODS_PODFILE_DIR_PATH}/Podfile.lock\" \"${PODS_ROOT}/Manifest.lock\" > /dev/null\nif [ $? != 0 ] ; then\n    # print error to STDERR\n    echo \"error: The sandbox is not in sync with the Podfile.lock. Run 'pod install' or update your CocoaPods installation.\" >&2\n    exit 1\nfi\n# This output is used by Xcode 'outputs' to avoid re-running this script phase.\necho \"SUCCESS\" > \"${SCRIPT_OUTPUT_FILE_0}\"\n";
			showEnvVarsInLog = 0;
		};
/* End PBXShellScriptBuildPhase section */

/* Begin PBXSourcesBuildPhase section */
		1E487F6423E67F0900F01C25 /* Sources */ = {
			isa = PBXSourcesBuildPhase;
			buildActionMask = 2147483647;
			files = (
				1EAB04B023F32AE40031B9EE /* HeaderView.swift in Sources */,
				1E487F6C23E67F0A00F01C25 /* AppDelegate.swift in Sources */,
				1E487F6E23E67F0A00F01C25 /* SceneDelegate.swift in Sources */,
				1EB6003523E688CC00AB9CD1 /* NewWorksheetView.swift in Sources */,
				1E7AA133241AF6E7006CA1BC /* AccountView.swift in Sources */,
				1E7AA12F241AF666006CA1BC /* AccountImageView.swift in Sources */,
				1E7AA131241AF681006CA1BC /* ProfileView.swift in Sources */,
				1E487F7023E67F0A00F01C25 /* ContentView.swift in Sources */,
			);
			runOnlyForDeploymentPostprocessing = 0;
		};
		1E487F7A23E67F0B00F01C25 /* Sources */ = {
			isa = PBXSourcesBuildPhase;
			buildActionMask = 2147483647;
			files = (
				1E487F8323E67F0B00F01C25 /* DemonfortTests.swift in Sources */,
			);
			runOnlyForDeploymentPostprocessing = 0;
		};
		1E487F8523E67F0B00F01C25 /* Sources */ = {
			isa = PBXSourcesBuildPhase;
			buildActionMask = 2147483647;
			files = (
				1E487F8E23E67F0B00F01C25 /* DemonfortUITests.swift in Sources */,
			);
			runOnlyForDeploymentPostprocessing = 0;
		};
/* End PBXSourcesBuildPhase section */

/* Begin PBXTargetDependency section */
		1E487F8023E67F0B00F01C25 /* PBXTargetDependency */ = {
			isa = PBXTargetDependency;
			target = 1E487F6723E67F0900F01C25 /* Demonfort */;
			targetProxy = 1E487F7F23E67F0B00F01C25 /* PBXContainerItemProxy */;
		};
		1E487F8B23E67F0B00F01C25 /* PBXTargetDependency */ = {
			isa = PBXTargetDependency;
			target = 1E487F6723E67F0900F01C25 /* Demonfort */;
			targetProxy = 1E487F8A23E67F0B00F01C25 /* PBXContainerItemProxy */;
		};
/* End PBXTargetDependency section */

/* Begin PBXVariantGroup section */
		1E487F7623E67F0B00F01C25 /* LaunchScreen.storyboard */ = {
			isa = PBXVariantGroup;
			children = (
				1E487F7723E67F0B00F01C25 /* Base */,
			);
			name = LaunchScreen.storyboard;
			sourceTree = "<group>";
		};
/* End PBXVariantGroup section */

/* Begin XCBuildConfiguration section */
		1E487F9023E67F0B00F01C25 /* Debug */ = {
			isa = XCBuildConfiguration;
			buildSettings = {
				ALWAYS_SEARCH_USER_PATHS = NO;
				CLANG_ANALYZER_NONNULL = YES;
				CLANG_ANALYZER_NUMBER_OBJECT_CONVERSION = YES_AGGRESSIVE;
				CLANG_CXX_LANGUAGE_STANDARD = "gnu++14";
				CLANG_CXX_LIBRARY = "libc++";
				CLANG_ENABLE_MODULES = YES;
				CLANG_ENABLE_OBJC_ARC = YES;
				CLANG_ENABLE_OBJC_WEAK = YES;
				CLANG_WARN_BLOCK_CAPTURE_AUTORELEASING = YES;
				CLANG_WARN_BOOL_CONVERSION = YES;
				CLANG_WARN_COMMA = YES;
				CLANG_WARN_CONSTANT_CONVERSION = YES;
				CLANG_WARN_DEPRECATED_OBJC_IMPLEMENTATIONS = YES;
				CLANG_WARN_DIRECT_OBJC_ISA_USAGE = YES_ERROR;
				CLANG_WARN_DOCUMENTATION_COMMENTS = YES;
				CLANG_WARN_EMPTY_BODY = YES;
				CLANG_WARN_ENUM_CONVERSION = YES;
				CLANG_WARN_INFINITE_RECURSION = YES;
				CLANG_WARN_INT_CONVERSION = YES;
				CLANG_WARN_NON_LITERAL_NULL_CONVERSION = YES;
				CLANG_WARN_OBJC_IMPLICIT_RETAIN_SELF = YES;
				CLANG_WARN_OBJC_LITERAL_CONVERSION = YES;
				CLANG_WARN_OBJC_ROOT_CLASS = YES_ERROR;
				CLANG_WARN_RANGE_LOOP_ANALYSIS = YES;
				CLANG_WARN_STRICT_PROTOTYPES = YES;
				CLANG_WARN_SUSPICIOUS_MOVE = YES;
				CLANG_WARN_UNGUARDED_AVAILABILITY = YES_AGGRESSIVE;
				CLANG_WARN_UNREACHABLE_CODE = YES;
				CLANG_WARN__DUPLICATE_METHOD_MATCH = YES;
				COPY_PHASE_STRIP = NO;
				DEBUG_INFORMATION_FORMAT = dwarf;
				ENABLE_STRICT_OBJC_MSGSEND = YES;
				ENABLE_TESTABILITY = YES;
				GCC_C_LANGUAGE_STANDARD = gnu11;
				GCC_DYNAMIC_NO_PIC = NO;
				GCC_NO_COMMON_BLOCKS = YES;
				GCC_OPTIMIZATION_LEVEL = 0;
				GCC_PREPROCESSOR_DEFINITIONS = (
					"DEBUG=1",
					"$(inherited)",
				);
				GCC_WARN_64_TO_32_BIT_CONVERSION = YES;
				GCC_WARN_ABOUT_RETURN_TYPE = YES_ERROR;
				GCC_WARN_UNDECLARED_SELECTOR = YES;
				GCC_WARN_UNINITIALIZED_AUTOS = YES_AGGRESSIVE;
				GCC_WARN_UNUSED_FUNCTION = YES;
				GCC_WARN_UNUSED_VARIABLE = YES;
				IPHONEOS_DEPLOYMENT_TARGET = 13.2;
				MTL_ENABLE_DEBUG_INFO = INCLUDE_SOURCE;
				MTL_FAST_MATH = YES;
				ONLY_ACTIVE_ARCH = YES;
				SDKROOT = iphoneos;
				SWIFT_ACTIVE_COMPILATION_CONDITIONS = DEBUG;
				SWIFT_OPTIMIZATION_LEVEL = "-Onone";
			};
			name = Debug;
		};
		1E487F9123E67F0B00F01C25 /* Release */ = {
			isa = XCBuildConfiguration;
			buildSettings = {
				ALWAYS_SEARCH_USER_PATHS = NO;
				CLANG_ANALYZER_NONNULL = YES;
				CLANG_ANALYZER_NUMBER_OBJECT_CONVERSION = YES_AGGRESSIVE;
				CLANG_CXX_LANGUAGE_STANDARD = "gnu++14";
				CLANG_CXX_LIBRARY = "libc++";
				CLANG_ENABLE_MODULES = YES;
				CLANG_ENABLE_OBJC_ARC = YES;
				CLANG_ENABLE_OBJC_WEAK = YES;
				CLANG_WARN_BLOCK_CAPTURE_AUTORELEASING = YES;
				CLANG_WARN_BOOL_CONVERSION = YES;
				CLANG_WARN_COMMA = YES;
				CLANG_WARN_CONSTANT_CONVERSION = YES;
				CLANG_WARN_DEPRECATED_OBJC_IMPLEMENTATIONS = YES;
				CLANG_WARN_DIRECT_OBJC_ISA_USAGE = YES_ERROR;
				CLANG_WARN_DOCUMENTATION_COMMENTS = YES;
				CLANG_WARN_EMPTY_BODY = YES;
				CLANG_WARN_ENUM_CONVERSION = YES;
				CLANG_WARN_INFINITE_RECURSION = YES;
				CLANG_WARN_INT_CONVERSION = YES;
				CLANG_WARN_NON_LITERAL_NULL_CONVERSION = YES;
				CLANG_WARN_OBJC_IMPLICIT_RETAIN_SELF = YES;
				CLANG_WARN_OBJC_LITERAL_CONVERSION = YES;
				CLANG_WARN_OBJC_ROOT_CLASS = YES_ERROR;
				CLANG_WARN_RANGE_LOOP_ANALYSIS = YES;
				CLANG_WARN_STRICT_PROTOTYPES = YES;
				CLANG_WARN_SUSPICIOUS_MOVE = YES;
				CLANG_WARN_UNGUARDED_AVAILABILITY = YES_AGGRESSIVE;
				CLANG_WARN_UNREACHABLE_CODE = YES;
				CLANG_WARN__DUPLICATE_METHOD_MATCH = YES;
				COPY_PHASE_STRIP = NO;
				DEBUG_INFORMATION_FORMAT = "dwarf-with-dsym";
				ENABLE_NS_ASSERTIONS = NO;
				ENABLE_STRICT_OBJC_MSGSEND = YES;
				GCC_C_LANGUAGE_STANDARD = gnu11;
				GCC_NO_COMMON_BLOCKS = YES;
				GCC_WARN_64_TO_32_BIT_CONVERSION = YES;
				GCC_WARN_ABOUT_RETURN_TYPE = YES_ERROR;
				GCC_WARN_UNDECLARED_SELECTOR = YES;
				GCC_WARN_UNINITIALIZED_AUTOS = YES_AGGRESSIVE;
				GCC_WARN_UNUSED_FUNCTION = YES;
				GCC_WARN_UNUSED_VARIABLE = YES;
				IPHONEOS_DEPLOYMENT_TARGET = 13.2;
				MTL_ENABLE_DEBUG_INFO = NO;
				MTL_FAST_MATH = YES;
				SDKROOT = iphoneos;
				SWIFT_COMPILATION_MODE = wholemodule;
				SWIFT_OPTIMIZATION_LEVEL = "-O";
				VALIDATE_PRODUCT = YES;
			};
			name = Release;
		};
		1E487F9323E67F0B00F01C25 /* Debug */ = {
			isa = XCBuildConfiguration;
			baseConfigurationReference = 72891450E7141FA844BF3B16 /* Pods-Demonfort.debug.xcconfig */;
			buildSettings = {
				ASSETCATALOG_COMPILER_APPICON_NAME = AppIcon;
				CODE_SIGN_STYLE = Automatic;
				DEVELOPMENT_ASSET_PATHS = "\"Demonfort/Preview Content\"";
				ENABLE_PREVIEWS = YES;
				INFOPLIST_FILE = Demonfort/Info.plist;
				LD_RUNPATH_SEARCH_PATHS = (
					"$(inherited)",
					"@executable_path/Frameworks",
				);
				PRODUCT_BUNDLE_IDENTIFIER = com.demonfort.Demonfort;
				PRODUCT_NAME = "$(TARGET_NAME)";
				SWIFT_VERSION = 5.0;
				TARGETED_DEVICE_FAMILY = "1,2";
			};
			name = Debug;
		};
		1E487F9423E67F0B00F01C25 /* Release */ = {
			isa = XCBuildConfiguration;
			baseConfigurationReference = 1DCE5F98BE9BB08487722C29 /* Pods-Demonfort.release.xcconfig */;
			buildSettings = {
				ASSETCATALOG_COMPILER_APPICON_NAME = AppIcon;
				CODE_SIGN_STYLE = Automatic;
				DEVELOPMENT_ASSET_PATHS = "\"Demonfort/Preview Content\"";
				ENABLE_PREVIEWS = YES;
				INFOPLIST_FILE = Demonfort/Info.plist;
				LD_RUNPATH_SEARCH_PATHS = (
					"$(inherited)",
					"@executable_path/Frameworks",
				);
				PRODUCT_BUNDLE_IDENTIFIER = com.demonfort.Demonfort;
				PRODUCT_NAME = "$(TARGET_NAME)";
				SWIFT_VERSION = 5.0;
				TARGETED_DEVICE_FAMILY = "1,2";
			};
			name = Release;
		};
		1E487F9623E67F0B00F01C25 /* Debug */ = {
			isa = XCBuildConfiguration;
			baseConfigurationReference = CC4F5184B0E17DC3C3E4F0B0 /* Pods-DemonfortTests.debug.xcconfig */;
			buildSettings = {
				ALWAYS_EMBED_SWIFT_STANDARD_LIBRARIES = YES;
				BUNDLE_LOADER = "$(TEST_HOST)";
				CODE_SIGN_STYLE = Automatic;
				INFOPLIST_FILE = DemonfortTests/Info.plist;
				IPHONEOS_DEPLOYMENT_TARGET = 13.2;
				LD_RUNPATH_SEARCH_PATHS = (
					"$(inherited)",
					"@executable_path/Frameworks",
					"@loader_path/Frameworks",
				);
				PRODUCT_BUNDLE_IDENTIFIER = com.demonfort.DemonfortTests;
				PRODUCT_NAME = "$(TARGET_NAME)";
				SWIFT_VERSION = 5.0;
				TARGETED_DEVICE_FAMILY = "1,2";
				TEST_HOST = "$(BUILT_PRODUCTS_DIR)/Demonfort.app/Demonfort";
			};
			name = Debug;
		};
		1E487F9723E67F0B00F01C25 /* Release */ = {
			isa = XCBuildConfiguration;
			baseConfigurationReference = EB529C73EF1269DFB86A3CA8 /* Pods-DemonfortTests.release.xcconfig */;
			buildSettings = {
				ALWAYS_EMBED_SWIFT_STANDARD_LIBRARIES = YES;
				BUNDLE_LOADER = "$(TEST_HOST)";
				CODE_SIGN_STYLE = Automatic;
				INFOPLIST_FILE = DemonfortTests/Info.plist;
				IPHONEOS_DEPLOYMENT_TARGET = 13.2;
				LD_RUNPATH_SEARCH_PATHS = (
					"$(inherited)",
					"@executable_path/Frameworks",
					"@loader_path/Frameworks",
				);
				PRODUCT_BUNDLE_IDENTIFIER = com.demonfort.DemonfortTests;
				PRODUCT_NAME = "$(TARGET_NAME)";
				SWIFT_VERSION = 5.0;
				TARGETED_DEVICE_FAMILY = "1,2";
				TEST_HOST = "$(BUILT_PRODUCTS_DIR)/Demonfort.app/Demonfort";
			};
			name = Release;
		};
		1E487F9923E67F0B00F01C25 /* Debug */ = {
			isa = XCBuildConfiguration;
			baseConfigurationReference = 4D1EDCB840A6BA5F922ED131 /* Pods-Demonfort-DemonfortUITests.debug.xcconfig */;
			buildSettings = {
				ALWAYS_EMBED_SWIFT_STANDARD_LIBRARIES = YES;
				CODE_SIGN_STYLE = Automatic;
				INFOPLIST_FILE = DemonfortUITests/Info.plist;
				LD_RUNPATH_SEARCH_PATHS = (
					"$(inherited)",
					"@executable_path/Frameworks",
					"@loader_path/Frameworks",
				);
				PRODUCT_BUNDLE_IDENTIFIER = com.demonfort.DemonfortUITests;
				PRODUCT_NAME = "$(TARGET_NAME)";
				SWIFT_VERSION = 5.0;
				TARGETED_DEVICE_FAMILY = "1,2";
				TEST_TARGET_NAME = Demonfort;
			};
			name = Debug;
		};
		1E487F9A23E67F0B00F01C25 /* Release */ = {
			isa = XCBuildConfiguration;
			baseConfigurationReference = 382E6F82E8A2865B333891B5 /* Pods-Demonfort-DemonfortUITests.release.xcconfig */;
			buildSettings = {
				ALWAYS_EMBED_SWIFT_STANDARD_LIBRARIES = YES;
				CODE_SIGN_STYLE = Automatic;
				INFOPLIST_FILE = DemonfortUITests/Info.plist;
				LD_RUNPATH_SEARCH_PATHS = (
					"$(inherited)",
					"@executable_path/Frameworks",
					"@loader_path/Frameworks",
				);
				PRODUCT_BUNDLE_IDENTIFIER = com.demonfort.DemonfortUITests;
				PRODUCT_NAME = "$(TARGET_NAME)";
				SWIFT_VERSION = 5.0;
				TARGETED_DEVICE_FAMILY = "1,2";
				TEST_TARGET_NAME = Demonfort;
			};
			name = Release;
		};
/* End XCBuildConfiguration section */

/* Begin XCConfigurationList section */
		1E487F6323E67F0900F01C25 /* Build configuration list for PBXProject "Demonfort" */ = {
			isa = XCConfigurationList;
			buildConfigurations = (
				1E487F9023E67F0B00F01C25 /* Debug */,
				1E487F9123E67F0B00F01C25 /* Release */,
			);
			defaultConfigurationIsVisible = 0;
			defaultConfigurationName = Release;
		};
		1E487F9223E67F0B00F01C25 /* Build configuration list for PBXNativeTarget "Demonfort" */ = {
			isa = XCConfigurationList;
			buildConfigurations = (
				1E487F9323E67F0B00F01C25 /* Debug */,
				1E487F9423E67F0B00F01C25 /* Release */,
			);
			defaultConfigurationIsVisible = 0;
			defaultConfigurationName = Release;
		};
		1E487F9523E67F0B00F01C25 /* Build configuration list for PBXNativeTarget "DemonfortTests" */ = {
			isa = XCConfigurationList;
			buildConfigurations = (
				1E487F9623E67F0B00F01C25 /* Debug */,
				1E487F9723E67F0B00F01C25 /* Release */,
			);
			defaultConfigurationIsVisible = 0;
			defaultConfigurationName = Release;
		};
		1E487F9823E67F0B00F01C25 /* Build configuration list for PBXNativeTarget "DemonfortUITests" */ = {
			isa = XCConfigurationList;
			buildConfigurations = (
				1E487F9923E67F0B00F01C25 /* Debug */,
				1E487F9A23E67F0B00F01C25 /* Release */,
			);
			defaultConfigurationIsVisible = 0;
			defaultConfigurationName = Release;
		};
/* End XCConfigurationList section */
	};
	rootObject = 1E487F6023E67F0900F01C25 /* Project object */;
}
